PODS:
  - MobileVLCKit (2.2.2)
  - ONVIFCamera (1.1.7)

DEPENDENCIES:
  - MobileVLCKit
  - ONVIFCamera (from `../`)

EXTERNAL SOURCES:
  ONVIFCamera:
    :path: ../

SPEC CHECKSUMS:
  MobileVLCKit: 75c2c36b0e3478c3f18cac3a2e7fa127cda0ff92
  ONVIFCamera: fd18a3badf45d526abaf79831f4c64f4b754213a

PODFILE CHECKSUM: 8aa4a362cfccc82d7ac2db9cbffcf91774f582b5

COCOAPODS: 1.4.0
